// !$*UTF8*$!
{
	archiveVersion = 1;
	classes = {
	};
	objectVersion = 50;
	objects = {

/* Begin PBXBuildFile section */
		111490212389316F00353672 /* AppDelegate.swift in Sources */ = {isa = PBXBuildFile; fileRef = 111490202389316F00353672 /* AppDelegate.swift */; };
		111490232389316F00353672 /* SceneDelegate.swift in Sources */ = {isa = PBXBuildFile; fileRef = 111490222389316F00353672 /* SceneDelegate.swift */; };
		111490252389316F00353672 /* ViewController.swift in Sources */ = {isa = PBXBuildFile; fileRef = 111490242389316F00353672 /* ViewController.swift */; };
		111490282389316F00353672 /* Main.storyboard in Resources */ = {isa = PBXBuildFile; fileRef = 111490262389316F00353672 /* Main.storyboard */; };
		1114902A2389316F00353672 /* Assets.xcassets in Resources */ = {isa = PBXBuildFile; fileRef = 111490292389316F00353672 /* Assets.xcassets */; };
		1114902D2389316F00353672 /* LaunchScreen.storyboard in Resources */ = {isa = PBXBuildFile; fileRef = 1114902B2389316F00353672 /* LaunchScreen.storyboard */; };
		111490382389316F00353672 /* AnzanTests.swift in Sources */ = {isa = PBXBuildFile; fileRef = 111490372389316F00353672 /* AnzanTests.swift */; };
		111490432389316F00353672 /* AnzanUITests.swift in Sources */ = {isa = PBXBuildFile; fileRef = 111490422389316F00353672 /* AnzanUITests.swift */; };
		111490532389318800353672 /* correct.png in Resources */ = {isa = PBXBuildFile; fileRef = 111490512389318800353672 /* correct.png */; };
		111490542389318800353672 /* incorrect.png in Resources */ = {isa = PBXBuildFile; fileRef = 111490522389318800353672 /* incorrect.png */; };
		11149056238932DE00353672 /* ResultViewController.swift in Sources */ = {isa = PBXBuildFile; fileRef = 11149055238932DE00353672 /* ResultViewController.swift */; };
/* End PBXBuildFile section */

/* Begin PBXContainerItemProxy section */
		111490342389316F00353672 /* PBXContainerItemProxy */ = {
			isa = PBXContainerItemProxy;
			containerPortal = 111490152389316F00353672 /* Project object */;
			proxyType = 1;
			remoteGlobalIDString = 1114901C2389316F00353672;
			remoteInfo = Anzan;
		};
		1114903F2389316F00353672 /* PBXContainerItemProxy */ = {
			isa = PBXContainerItemProxy;
			containerPortal = 111490152389316F00353672 /* Project object */;
			proxyType = 1;
			remoteGlobalIDString = 1114901C2389316F00353672;
			remoteInfo = Anzan;
		};
/* End PBXContainerItemProxy section */

/* Begin PBXFileReference section */
		1114901D2389316F00353672 /* Anzan.app */ = {isa = PBXFileReference; explicitFileType = wrapper.application; includeInIndex = 0; path = Anzan.app; sourceTree = BUILT_PRODUCTS_DIR; };
		111490202389316F00353672 /* AppDelegate.swift */ = {isa = PBXFileReference; lastKnownFileType = sourcecode.swift; path = AppDelegate.swift; sourceTree = "<group>"; };
		111490222389316F00353672 /* SceneDelegate.swift */ = {isa = PBXFileReference; lastKnownFileType = sourcecode.swift; path = SceneDelegate.swift; sourceTree = "<group>"; };
		111490242389316F00353672 /* ViewController.swift */ = {isa = PBXFileReference; lastKnownFileType = sourcecode.swift; path = ViewController.swift; sourceTree = "<group>"; };
		111490272389316F00353672 /* Base */ = {isa = PBXFileReference; lastKnownFileType = file.storyboard; name = Base; path = Base.lproj/Main.storyboard; sourceTree = "<group>"; };
		111490292389316F00353672 /* Assets.xcassets */ = {isa = PBXFileReference; lastKnownFileType = folder.assetcatalog; path = Assets.xcassets; sourceTree = "<group>"; };
		1114902C2389316F00353672 /* Base */ = {isa = PBXFileReference; lastKnownFileType = file.storyboard; name = Base; path = Base.lproj/LaunchScreen.storyboard; sourceTree = "<group>"; };
		1114902E2389316F00353672 /* Info.plist */ = {isa = PBXFileReference; lastKnownFileType = text.plist.xml; path = Info.plist; sourceTree = "<group>"; };
		111490332389316F00353672 /* AnzanTests.xctest */ = {isa = PBXFileReference; explicitFileType = wrapper.cfbundle; includeInIndex = 0; path = AnzanTests.xctest; sourceTree = BUILT_PRODUCTS_DIR; };
		111490372389316F00353672 /* AnzanTests.swift */ = {isa = PBXFileReference; lastKnownFileType = sourcecode.swift; path = AnzanTests.swift; sourceTree = "<group>"; };
		111490392389316F00353672 /* Info.plist */ = {isa = PBXFileReference; lastKnownFileType = text.plist.xml; path = Info.plist; sourceTree = "<group>"; };
		1114903E2389316F00353672 /* AnzanUITests.xctest */ = {isa = PBXFileReference; explicitFileType = wrapper.cfbundle; includeInIndex = 0; path = AnzanUITests.xctest; sourceTree = BUILT_PRODUCTS_DIR; };
		111490422389316F00353672 /* AnzanUITests.swift */ = {isa = PBXFileReference; lastKnownFileType = sourcecode.swift; path = AnzanUITests.swift; sourceTree = "<group>"; };
		111490442389316F00353672 /* Info.plist */ = {isa = PBXFileReference; lastKnownFileType = text.plist.xml; path = Info.plist; sourceTree = "<group>"; };
		111490512389318800353672 /* correct.png */ = {isa = PBXFileReference; lastKnownFileType = image.png; path = correct.png; sourceTree = "<group>"; };
		111490522389318800353672 /* incorrect.png */ = {isa = PBXFileReference; lastKnownFileType = image.png; path = incorrect.png; sourceTree = "<group>"; };
		11149055238932DE00353672 /* ResultViewController.swift */ = {isa = PBXFileReference; lastKnownFileType = sourcecode.swift; path = ResultViewController.swift; sourceTree = "<group>"; };
/* End PBXFileReference section */

/* Begin PBXFrameworksBuildPhase section */
		1114901A2389316F00353672 /* Frameworks */ = {
			isa = PBXFrameworksBuildPhase;
			buildActionMask = 2147483647;
			files = (
			);
			runOnlyForDeploymentPostprocessing = 0;
		};
		111490302389316F00353672 /* Frameworks */ = {
			isa = PBXFrameworksBuildPhase;
			buildActionMask = 2147483647;
			files = (
			);
			runOnlyForDeploymentPostprocessing = 0;
		};
		1114903B2389316F00353672 /* Frameworks */ = {
			isa = PBXFrameworksBuildPhase;
			buildActionMask = 2147483647;
			files = (
			);
			runOnlyForDeploymentPostprocessing = 0;
		};
/* End PBXFrameworksBuildPhase section */

/* Begin PBXGroup section */
		111490142389316F00353672 = {
			isa = PBXGroup;
			children = (
				1114901F2389316F00353672 /* Anzan */,
				111490362389316F00353672 /* AnzanTests */,
				111490412389316F00353672 /* AnzanUITests */,
				1114901E2389316F00353672 /* Products */,
			);
			sourceTree = "<group>";
		};
		1114901E2389316F00353672 /* Products */ = {
			isa = PBXGroup;
			children = (
				1114901D2389316F00353672 /* Anzan.app */,
				111490332389316F00353672 /* AnzanTests.xctest */,
				1114903E2389316F00353672 /* AnzanUITests.xctest */,
			);
			name = Products;
			sourceTree = "<group>";
		};
		1114901F2389316F00353672 /* Anzan */ = {
			isa = PBXGroup;
			children = (
				111490502389318800353672 /* anzan */,
				111490202389316F00353672 /* AppDelegate.swift */,
				111490222389316F00353672 /* SceneDelegate.swift */,
				111490242389316F00353672 /* ViewController.swift */,
				11149055238932DE00353672 /* ResultViewController.swift */,
				111490262389316F00353672 /* Main.storyboard */,
				111490292389316F00353672 /* Assets.xcassets */,
				1114902B2389316F00353672 /* LaunchScreen.storyboard */,
				1114902E2389316F00353672 /* Info.plist */,
			);
			path = Anzan;
			sourceTree = "<group>";
		};
		111490362389316F00353672 /* AnzanTests */ = {
			isa = PBXGroup;
			children = (
				111490372389316F00353672 /* AnzanTests.swift */,
				111490392389316F00353672 /* Info.plist */,
			);
			path = AnzanTests;
			sourceTree = "<group>";
		};
		111490412389316F00353672 /* AnzanUITests */ = {
			isa = PBXGroup;
			children = (
				111490422389316F00353672 /* AnzanUITests.swift */,
				111490442389316F00353672 /* Info.plist */,
			);
			path = AnzanUITests;
			sourceTree = "<group>";
		};
		111490502389318800353672 /* anzan */ = {
			isa = PBXGroup;
			children = (
				111490512389318800353672 /* correct.png */,
				111490522389318800353672 /* incorrect.png */,
			);
			path = anzan;
			sourceTree = "<group>";
		};
/* End PBXGroup section */

/* Begin PBXNativeTarget section */
		1114901C2389316F00353672 /* Anzan */ = {
			isa = PBXNativeTarget;
			buildConfigurationList = 111490472389316F00353672 /* Build configuration list for PBXNativeTarget "Anzan" */;
			buildPhases = (
				111490192389316F00353672 /* Sources */,
				1114901A2389316F00353672 /* Frameworks */,
				1114901B2389316F00353672 /* Resources */,
			);
			buildRules = (
			);
			dependencies = (
			);
			name = Anzan;
			productName = Anzan;
			productReference = 1114901D2389316F00353672 /* Anzan.app */;
			productType = "com.apple.product-type.application";
		};
		111490322389316F00353672 /* AnzanTests */ = {
			isa = PBXNativeTarget;
			buildConfigurationList = 1114904A2389316F00353672 /* Build configuration list for PBXNativeTarget "AnzanTests" */;
			buildPhases = (
				1114902F2389316F00353672 /* Sources */,
				111490302389316F00353672 /* Frameworks */,
				111490312389316F00353672 /* Resources */,
			);
			buildRules = (
			);
			dependencies = (
				111490352389316F00353672 /* PBXTargetDependency */,
			);
			name = AnzanTests;
			productName = AnzanTests;
			productReference = 111490332389316F00353672 /* AnzanTests.xctest */;
			productType = "com.apple.product-type.bundle.unit-test";
		};
		1114903D2389316F00353672 /* AnzanUITests */ = {
			isa = PBXNativeTarget;
			buildConfigurationList = 1114904D2389316F00353672 /* Build configuration list for PBXNativeTarget "AnzanUITests" */;
			buildPhases = (
				1114903A2389316F00353672 /* Sources */,
				1114903B2389316F00353672 /* Frameworks */,
				1114903C2389316F00353672 /* Resources */,
			);
			buildRules = (
			);
			dependencies = (
				111490402389316F00353672 /* PBXTargetDependency */,
			);
			name = AnzanUITests;
			productName = AnzanUITests;
			productReference = 1114903E2389316F00353672 /* AnzanUITests.xctest */;
			productType = "com.apple.product-type.bundle.ui-testing";
		};
/* End PBXNativeTarget section */

/* Begin PBXProject section */
		111490152389316F00353672 /* Project object */ = {
			isa = PBXProject;
			attributes = {
				LastSwiftUpdateCheck = 1120;
				LastUpgradeCheck = 1120;
				ORGANIZATIONNAME = "Sakine Nishibayashi";
				TargetAttributes = {
					1114901C2389316F00353672 = {
						CreatedOnToolsVersion = 11.2.1;
					};
					111490322389316F00353672 = {
						CreatedOnToolsVersion = 11.2.1;
						TestTargetID = 1114901C2389316F00353672;
					};
					1114903D2389316F00353672 = {
						CreatedOnToolsVersion = 11.2.1;
						TestTargetID = 1114901C2389316F00353672;
					};
				};
			};
			buildConfigurationList = 111490182389316F00353672 /* Build configuration list for PBXProject "Anzan" */;
			compatibilityVersion = "Xcode 9.3";
			developmentRegion = en;
			hasScannedForEncodings = 0;
			knownRegions = (
				en,
				Base,
			);
			mainGroup = 111490142389316F00353672;
			productRefGroup = 1114901E2389316F00353672 /* Products */;
			projectDirPath = "";
			projectRoot = "";
			targets = (
				1114901C2389316F00353672 /* Anzan */,
				111490322389316F00353672 /* AnzanTests */,
				1114903D2389316F00353672 /* AnzanUITests */,
			);
		};
/* End PBXProject section */

/* Begin PBXResourcesBuildPhase section */
		1114901B2389316F00353672 /* Resources */ = {
			isa = PBXResourcesBuildPhase;
			buildActionMask = 2147483647;
			files = (
				111490542389318800353672 /* incorrect.png in Resources */,
				111490532389318800353672 /* correct.png in Resources */,
				1114902D2389316F00353672 /* LaunchScreen.storyboard in Resources */,
				1114902A2389316F00353672 /* Assets.xcassets in Resources */,
				111490282389316F00353672 /* Main.storyboard in Resources */,
			);
			runOnlyForDeploymentPostprocessing = 0;
		};
		111490312389316F00353672 /* Resources */ = {
			isa = PBXResourcesBuildPhase;
			buildActionMask = 2147483647;
			files = (
			);
			runOnlyForDeploymentPostprocessing = 0;
		};
		1114903C2389316F00353672 /* Resources */ = {
			isa = PBXResourcesBuildPhase;
			buildActionMask = 2147483647;
			files = (
			);
			runOnlyForDeploymentPostprocessing = 0;
		};
/* End PBXResourcesBuildPhase section */

/* Begin PBXSourcesBuildPhase section */
		111490192389316F00353672 /* Sources */ = {
			isa = PBXSourcesBuildPhase;
			buildActionMask = 2147483647;
			files = (
				111490252389316F00353672 /* ViewController.swift in Sources */,
				111490212389316F00353672 /* AppDelegate.swift in Sources */,
				111490232389316F00353672 /* SceneDelegate.swift in Sources */,
				11149056238932DE00353672 /* ResultViewController.swift in Sources */,
			);
			runOnlyForDeploymentPostprocessing = 0;
		};
		1114902F2389316F00353672 /* Sources */ = {
			isa = PBXSourcesBuildPhase;
			buildActionMask = 2147483647;
			files = (
				111490382389316F00353672 /* AnzanTests.swift in Sources */,
			);
			runOnlyForDeploymentPostprocessing = 0;
		};
		1114903A2389316F00353672 /* Sources */ = {
			isa = PBXSourcesBuildPhase;
			buildActionMask = 2147483647;
			files = (
				111490432389316F00353672 /* AnzanUITests.swift in Sources */,
			);
			runOnlyForDeploymentPostprocessing = 0;
		};
/* End PBXSourcesBuildPhase section */

/* Begin PBXTargetDependency section */
		111490352389316F00353672 /* PBXTargetDependency */ = {
			isa = PBXTargetDependency;
			target = 1114901C2389316F00353672 /* Anzan */;
			targetProxy = 111490342389316F00353672 /* PBXContainerItemProxy */;
		};
		111490402389316F00353672 /* PBXTargetDependency */ = {
			isa = PBXTargetDependency;
			target = 1114901C2389316F00353672 /* Anzan */;
			targetProxy = 1114903F2389316F00353672 /* PBXContainerItemProxy */;
		};
/* End PBXTargetDependency section */

/* Begin PBXVariantGroup section */
		111490262389316F00353672 /* Main.storyboard */ = {
			isa = PBXVariantGroup;
			children = (
				111490272389316F00353672 /* Base */,
			);
			name = Main.storyboard;
			sourceTree = "<group>";
		};
		1114902B2389316F00353672 /* LaunchScreen.storyboard */ = {
			isa = PBXVariantGroup;
			children = (
				1114902C2389316F00353672 /* Base */,
			);
			name = LaunchScreen.storyboard;
			sourceTree = "<group>";
		};
/* End PBXVariantGroup section */

/* Begin XCBuildConfiguration section */
		111490452389316F00353672 /* Debug */ = {
			isa = XCBuildConfiguration;
			buildSettings = {
				ALWAYS_SEARCH_USER_PATHS = NO;
				CLANG_ANALYZER_NONNULL = YES;
				CLANG_ANALYZER_NUMBER_OBJECT_CONVERSION = YES_AGGRESSIVE;
				CLANG_CXX_LANGUAGE_STANDARD = "gnu++14";
				CLANG_CXX_LIBRARY = "libc++";
				CLANG_ENABLE_MODULES = YES;
				CLANG_ENABLE_OBJC_ARC = YES;
				CLANG_ENABLE_OBJC_WEAK = YES;
				CLANG_WARN_BLOCK_CAPTURE_AUTORELEASING = YES;
				CLANG_WARN_BOOL_CONVERSION = YES;
				CLANG_WARN_COMMA = YES;
				CLANG_WARN_CONSTANT_CONVERSION = YES;
				CLANG_WARN_DEPRECATED_OBJC_IMPLEMENTATIONS = YES;
				CLANG_WARN_DIRECT_OBJC_ISA_USAGE = YES_ERROR;
				CLANG_WARN_DOCUMENTATION_COMMENTS = YES;
				CLANG_WARN_EMPTY_BODY = YES;
				CLANG_WARN_ENUM_CONVERSION = YES;
				CLANG_WARN_INFINITE_RECURSION = YES;
				CLANG_WARN_INT_CONVERSION = YES;
				CLANG_WARN_NON_LITERAL_NULL_CONVERSION = YES;
				CLANG_WARN_OBJC_IMPLICIT_RETAIN_SELF = YES;
				CLANG_WARN_OBJC_LITERAL_CONVERSION = YES;
				CLANG_WARN_OBJC_ROOT_CLASS = YES_ERROR;
				CLANG_WARN_RANGE_LOOP_ANALYSIS = YES;
				CLANG_WARN_STRICT_PROTOTYPES = YES;
				CLANG_WARN_SUSPICIOUS_MOVE = YES;
				CLANG_WARN_UNGUARDED_AVAILABILITY = YES_AGGRESSIVE;
				CLANG_WARN_UNREACHABLE_CODE = YES;
				CLANG_WARN__DUPLICATE_METHOD_MATCH = YES;
				COPY_PHASE_STRIP = NO;
				DEBUG_INFORMATION_FORMAT = dwarf;
				ENABLE_STRICT_OBJC_MSGSEND = YES;
				ENABLE_TESTABILITY = YES;
				GCC_C_LANGUAGE_STANDARD = gnu11;
				GCC_DYNAMIC_NO_PIC = NO;
				GCC_NO_COMMON_BLOCKS = YES;
				GCC_OPTIMIZATION_LEVEL = 0;
				GCC_PREPROCESSOR_DEFINITIONS = (
					"DEBUG=1",
					"$(inherited)",
				);
				GCC_WARN_64_TO_32_BIT_CONVERSION = YES;
				GCC_WARN_ABOUT_RETURN_TYPE = YES_ERROR;
				GCC_WARN_UNDECLARED_SELECTOR = YES;
				GCC_WARN_UNINITIALIZED_AUTOS = YES_AGGRESSIVE;
				GCC_WARN_UNUSED_FUNCTION = YES;
				GCC_WARN_UNUSED_VARIABLE = YES;
				IPHONEOS_DEPLOYMENT_TARGET = 13.2;
				MTL_ENABLE_DEBUG_INFO = INCLUDE_SOURCE;
				MTL_FAST_MATH = YES;
				ONLY_ACTIVE_ARCH = YES;
				SDKROOT = iphoneos;
				SWIFT_ACTIVE_COMPILATION_CONDITIONS = DEBUG;
				SWIFT_OPTIMIZATION_LEVEL = "-Onone";
			};
			name = Debug;
		};
		111490462389316F00353672 /* Release */ = {
			isa = XCBuildConfiguration;
			buildSettings = {
				ALWAYS_SEARCH_USER_PATHS = NO;
				CLANG_ANALYZER_NONNULL = YES;
				CLANG_ANALYZER_NUMBER_OBJECT_CONVERSION = YES_AGGRESSIVE;
				CLANG_CXX_LANGUAGE_STANDARD = "gnu++14";
				CLANG_CXX_LIBRARY = "libc++";
				CLANG_ENABLE_MODULES = YES;
				CLANG_ENABLE_OBJC_ARC = YES;
				CLANG_ENABLE_OBJC_WEAK = YES;
				CLANG_WARN_BLOCK_CAPTURE_AUTORELEASING = YES;
				CLANG_WARN_BOOL_CONVERSION = YES;
				CLANG_WARN_COMMA = YES;
				CLANG_WARN_CONSTANT_CONVERSION = YES;
				CLANG_WARN_DEPRECATED_OBJC_IMPLEMENTATIONS = YES;
				CLANG_WARN_DIRECT_OBJC_ISA_USAGE = YES_ERROR;
				CLANG_WARN_DOCUMENTATION_COMMENTS = YES;
				CLANG_WARN_EMPTY_BODY = YES;
				CLANG_WARN_ENUM_CONVERSION = YES;
				CLANG_WARN_INFINITE_RECURSION = YES;
				CLANG_WARN_INT_CONVERSION = YES;
				CLANG_WARN_NON_LITERAL_NULL_CONVERSION = YES;
				CLANG_WARN_OBJC_IMPLICIT_RETAIN_SELF = YES;
				CLANG_WARN_OBJC_LITERAL_CONVERSION = YES;
				CLANG_WARN_OBJC_ROOT_CLASS = YES_ERROR;
				CLANG_WARN_RANGE_LOOP_ANALYSIS = YES;
				CLANG_WARN_STRICT_PROTOTYPES = YES;
				CLANG_WARN_SUSPICIOUS_MOVE = YES;
				CLANG_WARN_UNGUARDED_AVAILABILITY = YES_AGGRESSIVE;
				CLANG_WARN_UNREACHABLE_CODE = YES;
				CLANG_WARN__DUPLICATE_METHOD_MATCH = YES;
				COPY_PHASE_STRIP = NO;
				DEBUG_INFORMATION_FORMAT = "dwarf-with-dsym";
				ENABLE_NS_ASSERTIONS = NO;
				ENABLE_STRICT_OBJC_MSGSEND = YES;
				GCC_C_LANGUAGE_STANDARD = gnu11;
				GCC_NO_COMMON_BLOCKS = YES;
				GCC_WARN_64_TO_32_BIT_CONVERSION = YES;
				GCC_WARN_ABOUT_RETURN_TYPE = YES_ERROR;
				GCC_WARN_UNDECLARED_SELECTOR = YES;
				GCC_WARN_UNINITIALIZED_AUTOS = YES_AGGRESSIVE;
				GCC_WARN_UNUSED_FUNCTION = YES;
				GCC_WARN_UNUSED_VARIABLE = YES;
				IPHONEOS_DEPLOYMENT_TARGET = 13.2;
				MTL_ENABLE_DEBUG_INFO = NO;
				MTL_FAST_MATH = YES;
				SDKROOT = iphoneos;
				SWIFT_COMPILATION_MODE = wholemodule;
				SWIFT_OPTIMIZATION_LEVEL = "-O";
				VALIDATE_PRODUCT = YES;
			};
			name = Release;
		};
		111490482389316F00353672 /* Debug */ = {
			isa = XCBuildConfiguration;
			buildSettings = {
				ASSETCATALOG_COMPILER_APPICON_NAME = AppIcon;
				CODE_SIGN_STYLE = Automatic;
				INFOPLIST_FILE = Anzan/Info.plist;
				LD_RUNPATH_SEARCH_PATHS = (
					"$(inherited)",
					"@executable_path/Frameworks",
				);
				PRODUCT_BUNDLE_IDENTIFIER = app.nishibayashi.sakine.Anzan;
				PRODUCT_NAME = "$(TARGET_NAME)";
				SWIFT_VERSION = 5.0;
				TARGETED_DEVICE_FAMILY = "1,2";
			};
			name = Debug;
		};
		111490492389316F00353672 /* Release */ = {
			isa = XCBuildConfiguration;
			buildSettings = {
				ASSETCATALOG_COMPILER_APPICON_NAME = AppIcon;
				CODE_SIGN_STYLE = Automatic;
				INFOPLIST_FILE = Anzan/Info.plist;
				LD_RUNPATH_SEARCH_PATHS = (
					"$(inherited)",
					"@executable_path/Frameworks",
				);
				PRODUCT_BUNDLE_IDENTIFIER = app.nishibayashi.sakine.Anzan;
				PRODUCT_NAME = "$(TARGET_NAME)";
				SWIFT_VERSION = 5.0;
				TARGETED_DEVICE_FAMILY = "1,2";
			};
			name = Release;
		};
		1114904B2389316F00353672 /* Debug */ = {
			isa = XCBuildConfiguration;
			buildSettings = {
				ALWAYS_EMBED_SWIFT_STANDARD_LIBRARIES = YES;
				BUNDLE_LOADER = "$(TEST_HOST)";
				CODE_SIGN_STYLE = Automatic;
				INFOPLIST_FILE = AnzanTests/Info.plist;
				IPHONEOS_DEPLOYMENT_TARGET = 13.2;
				LD_RUNPATH_SEARCH_PATHS = (
					"$(inherited)",
					"@executable_path/Frameworks",
					"@loader_path/Frameworks",
				);
				PRODUCT_BUNDLE_IDENTIFIER = app.nishibayashi.sakine.AnzanTests;
				PRODUCT_NAME = "$(TARGET_NAME)";
				SWIFT_VERSION = 5.0;
				TARGETED_DEVICE_FAMILY = "1,2";
				TEST_HOST = "$(BUILT_PRODUCTS_DIR)/Anzan.app/Anzan";
			};
			name = Debug;
		};
		1114904C2389316F00353672 /* Release */ = {
			isa = XCBuildConfiguration;
			buildSettings = {
				ALWAYS_EMBED_SWIFT_STANDARD_LIBRARIES = YES;
				BUNDLE_LOADER = "$(TEST_HOST)";
				CODE_SIGN_STYLE = Automatic;
				INFOPLIST_FILE = AnzanTests/Info.plist;
				IPHONEOS_DEPLOYMENT_TARGET = 13.2;
				LD_RUNPATH_SEARCH_PATHS = (
					"$(inherited)",
					"@executable_path/Frameworks",
					"@loader_path/Frameworks",
				);
				PRODUCT_BUNDLE_IDENTIFIER = app.nishibayashi.sakine.AnzanTests;
				PRODUCT_NAME = "$(TARGET_NAME)";
				SWIFT_VERSION = 5.0;
				TARGETED_DEVICE_FAMILY = "1,2";
				TEST_HOST = "$(BUILT_PRODUCTS_DIR)/Anzan.app/Anzan";
			};
			name = Release;
		};
		1114904E2389316F00353672 /* Debug */ = {
			isa = XCBuildConfiguration;
			buildSettings = {
				ALWAYS_EMBED_SWIFT_STANDARD_LIBRARIES = YES;
				CODE_SIGN_STYLE = Automatic;
				INFOPLIST_FILE = AnzanUITests/Info.plist;
				LD_RUNPATH_SEARCH_PATHS = (
					"$(inherited)",
					"@executable_path/Frameworks",
					"@loader_path/Frameworks",
				);
				PRODUCT_BUNDLE_IDENTIFIER = app.nishibayashi.sakine.AnzanUITests;
				PRODUCT_NAME = "$(TARGET_NAME)";
				SWIFT_VERSION = 5.0;
				TARGETED_DEVICE_FAMILY = "1,2";
				TEST_TARGET_NAME = Anzan;
			};
			name = Debug;
		};
		1114904F2389316F00353672 /* Release */ = {
			isa = XCBuildConfiguration;
			buildSettings = {
				ALWAYS_EMBED_SWIFT_STANDARD_LIBRARIES = YES;
				CODE_SIGN_STYLE = Automatic;
				INFOPLIST_FILE = AnzanUITests/Info.plist;
				LD_RUNPATH_SEARCH_PATHS = (
					"$(inherited)",
					"@executable_path/Frameworks",
					"@loader_path/Frameworks",
				);
				PRODUCT_BUNDLE_IDENTIFIER = app.nishibayashi.sakine.AnzanUITests;
				PRODUCT_NAME = "$(TARGET_NAME)";
				SWIFT_VERSION = 5.0;
				TARGETED_DEVICE_FAMILY = "1,2";
				TEST_TARGET_NAME = Anzan;
			};
			name = Release;
		};
/* End XCBuildConfiguration section */

/* Begin XCConfigurationList section */
		111490182389316F00353672 /* Build configuration list for PBXProject "Anzan" */ = {
			isa = XCConfigurationList;
			buildConfigurations = (
				111490452389316F00353672 /* Debug */,
				111490462389316F00353672 /* Release */,
			);
			defaultConfigurationIsVisible = 0;
			defaultConfigurationName = Release;
		};
		111490472389316F00353672 /* Build configuration list for PBXNativeTarget "Anzan" */ = {
			isa = XCConfigurationList;
			buildConfigurations = (
				111490482389316F00353672 /* Debug */,
				111490492389316F00353672 /* Release */,
			);
			defaultConfigurationIsVisible = 0;
			defaultConfigurationName = Release;
		};
		1114904A2389316F00353672 /* Build configuration list for PBXNativeTarget "AnzanTests" */ = {
			isa = XCConfigurationList;
			buildConfigurations = (
				1114904B2389316F00353672 /* Debug */,
				1114904C2389316F00353672 /* Release */,
			);
			defaultConfigurationIsVisible = 0;
			defaultConfigurationName = Release;
		};
		1114904D2389316F00353672 /* Build configuration list for PBXNativeTarget "AnzanUITests" */ = {
			isa = XCConfigurationList;
			buildConfigurations = (
				1114904E2389316F00353672 /* Debug */,
				1114904F2389316F00353672 /* Release */,
			);
			defaultConfigurationIsVisible = 0;
			defaultConfigurationName = Release;
		};
/* End XCConfigurationList section */
	};
	rootObject = 111490152389316F00353672 /* Project object */;
}
